// !$*UTF8*$!
{
	archiveVersion = 1;
	classes = {
	};
	objectVersion = 50;
	objects = {

/* Begin PBXBuildFile section */
		4DDA64AF2511459C00EE2BE7 /* AppDelegate.swift in Sources */ = {isa = PBXBuildFile; fileRef = 4DDA64AE2511459C00EE2BE7 /* AppDelegate.swift */; };
		4DDA64B12511459C00EE2BE7 /* SceneDelegate.swift in Sources */ = {isa = PBXBuildFile; fileRef = 4DDA64B02511459C00EE2BE7 /* SceneDelegate.swift */; };
		4DDA64B32511459C00EE2BE7 /* ViewController.swift in Sources */ = {isa = PBXBuildFile; fileRef = 4DDA64B22511459C00EE2BE7 /* ViewController.swift */; };
		4DDA64B62511459C00EE2BE7 /* Main.storyboard in Resources */ = {isa = PBXBuildFile; fileRef = 4DDA64B42511459C00EE2BE7 /* Main.storyboard */; };
		4DDA64B82511459F00EE2BE7 /* Assets.xcassets in Resources */ = {isa = PBXBuildFile; fileRef = 4DDA64B72511459F00EE2BE7 /* Assets.xcassets */; };
		4DDA64BB2511459F00EE2BE7 /* LaunchScreen.storyboard in Resources */ = {isa = PBXBuildFile; fileRef = 4DDA64B92511459F00EE2BE7 /* LaunchScreen.storyboard */; };
		4DDA64C62511459F00EE2BE7 /* falagronTests.swift in Sources */ = {isa = PBXBuildFile; fileRef = 4DDA64C52511459F00EE2BE7 /* falagronTests.swift */; };
		4DDA64D12511459F00EE2BE7 /* falagronUITests.swift in Sources */ = {isa = PBXBuildFile; fileRef = 4DDA64D02511459F00EE2BE7 /* falagronUITests.swift */; };
/* End PBXBuildFile section */

/* Begin PBXContainerItemProxy section */
		4DDA64C22511459F00EE2BE7 /* PBXContainerItemProxy */ = {
			isa = PBXContainerItemProxy;
			containerPortal = 4DDA64A32511459C00EE2BE7 /* Project object */;
			proxyType = 1;
			remoteGlobalIDString = 4DDA64AA2511459C00EE2BE7;
			remoteInfo = falagron;
		};
		4DDA64CD2511459F00EE2BE7 /* PBXContainerItemProxy */ = {
			isa = PBXContainerItemProxy;
			containerPortal = 4DDA64A32511459C00EE2BE7 /* Project object */;
			proxyType = 1;
			remoteGlobalIDString = 4DDA64AA2511459C00EE2BE7;
			remoteInfo = falagron;
		};
/* End PBXContainerItemProxy section */

/* Begin PBXFileReference section */
		4DDA64AB2511459C00EE2BE7 /* falagron.app */ = {isa = PBXFileReference; explicitFileType = wrapper.application; includeInIndex = 0; path = falagron.app; sourceTree = BUILT_PRODUCTS_DIR; };
		4DDA64AE2511459C00EE2BE7 /* AppDelegate.swift */ = {isa = PBXFileReference; lastKnownFileType = sourcecode.swift; path = AppDelegate.swift; sourceTree = "<group>"; };
		4DDA64B02511459C00EE2BE7 /* SceneDelegate.swift */ = {isa = PBXFileReference; lastKnownFileType = sourcecode.swift; path = SceneDelegate.swift; sourceTree = "<group>"; };
		4DDA64B22511459C00EE2BE7 /* ViewController.swift */ = {isa = PBXFileReference; lastKnownFileType = sourcecode.swift; path = ViewController.swift; sourceTree = "<group>"; };
		4DDA64B52511459C00EE2BE7 /* Base */ = {isa = PBXFileReference; lastKnownFileType = file.storyboard; name = Base; path = Base.lproj/Main.storyboard; sourceTree = "<group>"; };
		4DDA64B72511459F00EE2BE7 /* Assets.xcassets */ = {isa = PBXFileReference; lastKnownFileType = folder.assetcatalog; path = Assets.xcassets; sourceTree = "<group>"; };
		4DDA64BA2511459F00EE2BE7 /* Base */ = {isa = PBXFileReference; lastKnownFileType = file.storyboard; name = Base; path = Base.lproj/LaunchScreen.storyboard; sourceTree = "<group>"; };
		4DDA64BC2511459F00EE2BE7 /* Info.plist */ = {isa = PBXFileReference; lastKnownFileType = text.plist.xml; path = Info.plist; sourceTree = "<group>"; };
		4DDA64C12511459F00EE2BE7 /* falagronTests.xctest */ = {isa = PBXFileReference; explicitFileType = wrapper.cfbundle; includeInIndex = 0; path = falagronTests.xctest; sourceTree = BUILT_PRODUCTS_DIR; };
		4DDA64C52511459F00EE2BE7 /* falagronTests.swift */ = {isa = PBXFileReference; lastKnownFileType = sourcecode.swift; path = falagronTests.swift; sourceTree = "<group>"; };
		4DDA64C72511459F00EE2BE7 /* Info.plist */ = {isa = PBXFileReference; lastKnownFileType = text.plist.xml; path = Info.plist; sourceTree = "<group>"; };
		4DDA64CC2511459F00EE2BE7 /* falagronUITests.xctest */ = {isa = PBXFileReference; explicitFileType = wrapper.cfbundle; includeInIndex = 0; path = falagronUITests.xctest; sourceTree = BUILT_PRODUCTS_DIR; };
		4DDA64D02511459F00EE2BE7 /* falagronUITests.swift */ = {isa = PBXFileReference; lastKnownFileType = sourcecode.swift; path = falagronUITests.swift; sourceTree = "<group>"; };
		4DDA64D22511459F00EE2BE7 /* Info.plist */ = {isa = PBXFileReference; lastKnownFileType = text.plist.xml; path = Info.plist; sourceTree = "<group>"; };
/* End PBXFileReference section */

/* Begin PBXFrameworksBuildPhase section */
		4DDA64A82511459C00EE2BE7 /* Frameworks */ = {
			isa = PBXFrameworksBuildPhase;
			buildActionMask = 2147483647;
			files = (
			);
			runOnlyForDeploymentPostprocessing = 0;
		};
		4DDA64BE2511459F00EE2BE7 /* Frameworks */ = {
			isa = PBXFrameworksBuildPhase;
			buildActionMask = 2147483647;
			files = (
			);
			runOnlyForDeploymentPostprocessing = 0;
		};
		4DDA64C92511459F00EE2BE7 /* Frameworks */ = {
			isa = PBXFrameworksBuildPhase;
			buildActionMask = 2147483647;
			files = (
			);
			runOnlyForDeploymentPostprocessing = 0;
		};
/* End PBXFrameworksBuildPhase section */

/* Begin PBXGroup section */
		4DDA64A22511459C00EE2BE7 = {
			isa = PBXGroup;
			children = (
				4DDA64AD2511459C00EE2BE7 /* falagron */,
				4DDA64C42511459F00EE2BE7 /* falagronTests */,
				4DDA64CF2511459F00EE2BE7 /* falagronUITests */,
				4DDA64AC2511459C00EE2BE7 /* Products */,
			);
			sourceTree = "<group>";
		};
		4DDA64AC2511459C00EE2BE7 /* Products */ = {
			isa = PBXGroup;
			children = (
				4DDA64AB2511459C00EE2BE7 /* falagron.app */,
				4DDA64C12511459F00EE2BE7 /* falagronTests.xctest */,
				4DDA64CC2511459F00EE2BE7 /* falagronUITests.xctest */,
			);
			name = Products;
			sourceTree = "<group>";
		};
		4DDA64AD2511459C00EE2BE7 /* falagron */ = {
			isa = PBXGroup;
			children = (
				4DDA64AE2511459C00EE2BE7 /* AppDelegate.swift */,
				4DDA64B02511459C00EE2BE7 /* SceneDelegate.swift */,
				4DDA64B22511459C00EE2BE7 /* ViewController.swift */,
				4DDA64B42511459C00EE2BE7 /* Main.storyboard */,
				4DDA64B72511459F00EE2BE7 /* Assets.xcassets */,
				4DDA64B92511459F00EE2BE7 /* LaunchScreen.storyboard */,
				4DDA64BC2511459F00EE2BE7 /* Info.plist */,
			);
			path = falagron;
			sourceTree = "<group>";
		};
		4DDA64C42511459F00EE2BE7 /* falagronTests */ = {
			isa = PBXGroup;
			children = (
				4DDA64C52511459F00EE2BE7 /* falagronTests.swift */,
				4DDA64C72511459F00EE2BE7 /* Info.plist */,
			);
			path = falagronTests;
			sourceTree = "<group>";
		};
		4DDA64CF2511459F00EE2BE7 /* falagronUITests */ = {
			isa = PBXGroup;
			children = (
				4DDA64D02511459F00EE2BE7 /* falagronUITests.swift */,
				4DDA64D22511459F00EE2BE7 /* Info.plist */,
			);
			path = falagronUITests;
			sourceTree = "<group>";
		};
/* End PBXGroup section */

/* Begin PBXNativeTarget section */
		4DDA64AA2511459C00EE2BE7 /* falagron */ = {
			isa = PBXNativeTarget;
			buildConfigurationList = 4DDA64D52511459F00EE2BE7 /* Build configuration list for PBXNativeTarget "falagron" */;
			buildPhases = (
				4DDA64A72511459C00EE2BE7 /* Sources */,
				4DDA64A82511459C00EE2BE7 /* Frameworks */,
				4DDA64A92511459C00EE2BE7 /* Resources */,
			);
			buildRules = (
			);
			dependencies = (
			);
			name = falagron;
			productName = falagron;
			productReference = 4DDA64AB2511459C00EE2BE7 /* falagron.app */;
			productType = "com.apple.product-type.application";
		};
		4DDA64C02511459F00EE2BE7 /* falagronTests */ = {
			isa = PBXNativeTarget;
			buildConfigurationList = 4DDA64D82511459F00EE2BE7 /* Build configuration list for PBXNativeTarget "falagronTests" */;
			buildPhases = (
				4DDA64BD2511459F00EE2BE7 /* Sources */,
				4DDA64BE2511459F00EE2BE7 /* Frameworks */,
				4DDA64BF2511459F00EE2BE7 /* Resources */,
			);
			buildRules = (
			);
			dependencies = (
				4DDA64C32511459F00EE2BE7 /* PBXTargetDependency */,
			);
			name = falagronTests;
			productName = falagronTests;
			productReference = 4DDA64C12511459F00EE2BE7 /* falagronTests.xctest */;
			productType = "com.apple.product-type.bundle.unit-test";
		};
		4DDA64CB2511459F00EE2BE7 /* falagronUITests */ = {
			isa = PBXNativeTarget;
			buildConfigurationList = 4DDA64DB2511459F00EE2BE7 /* Build configuration list for PBXNativeTarget "falagronUITests" */;
			buildPhases = (
				4DDA64C82511459F00EE2BE7 /* Sources */,
				4DDA64C92511459F00EE2BE7 /* Frameworks */,
				4DDA64CA2511459F00EE2BE7 /* Resources */,
			);
			buildRules = (
			);
			dependencies = (
				4DDA64CE2511459F00EE2BE7 /* PBXTargetDependency */,
			);
			name = falagronUITests;
			productName = falagronUITests;
			productReference = 4DDA64CC2511459F00EE2BE7 /* falagronUITests.xctest */;
			productType = "com.apple.product-type.bundle.ui-testing";
		};
/* End PBXNativeTarget section */

/* Begin PBXProject section */
		4DDA64A32511459C00EE2BE7 /* Project object */ = {
			isa = PBXProject;
			attributes = {
				LastSwiftUpdateCheck = 1140;
				LastUpgradeCheck = 1140;
				ORGANIZATIONNAME = "namik kaya";
				TargetAttributes = {
					4DDA64AA2511459C00EE2BE7 = {
						CreatedOnToolsVersion = 11.4.1;
					};
					4DDA64C02511459F00EE2BE7 = {
						CreatedOnToolsVersion = 11.4.1;
						TestTargetID = 4DDA64AA2511459C00EE2BE7;
					};
					4DDA64CB2511459F00EE2BE7 = {
						CreatedOnToolsVersion = 11.4.1;
						TestTargetID = 4DDA64AA2511459C00EE2BE7;
					};
				};
			};
			buildConfigurationList = 4DDA64A62511459C00EE2BE7 /* Build configuration list for PBXProject "falagron" */;
			compatibilityVersion = "Xcode 9.3";
			developmentRegion = en;
			hasScannedForEncodings = 0;
			knownRegions = (
				en,
				Base,
			);
			mainGroup = 4DDA64A22511459C00EE2BE7;
			productRefGroup = 4DDA64AC2511459C00EE2BE7 /* Products */;
			projectDirPath = "";
			projectRoot = "";
			targets = (
				4DDA64AA2511459C00EE2BE7 /* falagron */,
				4DDA64C02511459F00EE2BE7 /* falagronTests */,
				4DDA64CB2511459F00EE2BE7 /* falagronUITests */,
			);
		};
/* End PBXProject section */

/* Begin PBXResourcesBuildPhase section */
		4DDA64A92511459C00EE2BE7 /* Resources */ = {
			isa = PBXResourcesBuildPhase;
			buildActionMask = 2147483647;
			files = (
				4DDA64BB2511459F00EE2BE7 /* LaunchScreen.storyboard in Resources */,
				4DDA64B82511459F00EE2BE7 /* Assets.xcassets in Resources */,
				4DDA64B62511459C00EE2BE7 /* Main.storyboard in Resources */,
			);
			runOnlyForDeploymentPostprocessing = 0;
		};
		4DDA64BF2511459F00EE2BE7 /* Resources */ = {
			isa = PBXResourcesBuildPhase;
			buildActionMask = 2147483647;
			files = (
			);
			runOnlyForDeploymentPostprocessing = 0;
		};
		4DDA64CA2511459F00EE2BE7 /* Resources */ = {
			isa = PBXResourcesBuildPhase;
			buildActionMask = 2147483647;
			files = (
			);
			runOnlyForDeploymentPostprocessing = 0;
		};
/* End PBXResourcesBuildPhase section */

/* Begin PBXSourcesBuildPhase section */
		4DDA64A72511459C00EE2BE7 /* Sources */ = {
			isa = PBXSourcesBuildPhase;
			buildActionMask = 2147483647;
			files = (
				4DDA64B32511459C00EE2BE7 /* ViewController.swift in Sources */,
				4DDA64AF2511459C00EE2BE7 /* AppDelegate.swift in Sources */,
				4DDA64B12511459C00EE2BE7 /* SceneDelegate.swift in Sources */,
			);
			runOnlyForDeploymentPostprocessing = 0;
		};
		4DDA64BD2511459F00EE2BE7 /* Sources */ = {
			isa = PBXSourcesBuildPhase;
			buildActionMask = 2147483647;
			files = (
				4DDA64C62511459F00EE2BE7 /* falagronTests.swift in Sources */,
			);
			runOnlyForDeploymentPostprocessing = 0;
		};
		4DDA64C82511459F00EE2BE7 /* Sources */ = {
			isa = PBXSourcesBuildPhase;
			buildActionMask = 2147483647;
			files = (
				4DDA64D12511459F00EE2BE7 /* falagronUITests.swift in Sources */,
			);
			runOnlyForDeploymentPostprocessing = 0;
		};
/* End PBXSourcesBuildPhase section */

/* Begin PBXTargetDependency section */
		4DDA64C32511459F00EE2BE7 /* PBXTargetDependency */ = {
			isa = PBXTargetDependency;
			target = 4DDA64AA2511459C00EE2BE7 /* falagron */;
			targetProxy = 4DDA64C22511459F00EE2BE7 /* PBXContainerItemProxy */;
		};
		4DDA64CE2511459F00EE2BE7 /* PBXTargetDependency */ = {
			isa = PBXTargetDependency;
			target = 4DDA64AA2511459C00EE2BE7 /* falagron */;
			targetProxy = 4DDA64CD2511459F00EE2BE7 /* PBXContainerItemProxy */;
		};
/* End PBXTargetDependency section */

/* Begin PBXVariantGroup section */
		4DDA64B42511459C00EE2BE7 /* Main.storyboard */ = {
			isa = PBXVariantGroup;
			children = (
				4DDA64B52511459C00EE2BE7 /* Base */,
			);
			name = Main.storyboard;
			sourceTree = "<group>";
		};
		4DDA64B92511459F00EE2BE7 /* LaunchScreen.storyboard */ = {
			isa = PBXVariantGroup;
			children = (
				4DDA64BA2511459F00EE2BE7 /* Base */,
			);
			name = LaunchScreen.storyboard;
			sourceTree = "<group>";
		};
/* End PBXVariantGroup section */

/* Begin XCBuildConfiguration section */
		4DDA64D32511459F00EE2BE7 /* Debug */ = {
			isa = XCBuildConfiguration;
			buildSettings = {
				ALWAYS_SEARCH_USER_PATHS = NO;
				CLANG_ANALYZER_NONNULL = YES;
				CLANG_ANALYZER_NUMBER_OBJECT_CONVERSION = YES_AGGRESSIVE;
				CLANG_CXX_LANGUAGE_STANDARD = "gnu++14";
				CLANG_CXX_LIBRARY = "libc++";
				CLANG_ENABLE_MODULES = YES;
				CLANG_ENABLE_OBJC_ARC = YES;
				CLANG_ENABLE_OBJC_WEAK = YES;
				CLANG_WARN_BLOCK_CAPTURE_AUTORELEASING = YES;
				CLANG_WARN_BOOL_CONVERSION = YES;
				CLANG_WARN_COMMA = YES;
				CLANG_WARN_CONSTANT_CONVERSION = YES;
				CLANG_WARN_DEPRECATED_OBJC_IMPLEMENTATIONS = YES;
				CLANG_WARN_DIRECT_OBJC_ISA_USAGE = YES_ERROR;
				CLANG_WARN_DOCUMENTATION_COMMENTS = YES;
				CLANG_WARN_EMPTY_BODY = YES;
				CLANG_WARN_ENUM_CONVERSION = YES;
				CLANG_WARN_INFINITE_RECURSION = YES;
				CLANG_WARN_INT_CONVERSION = YES;
				CLANG_WARN_NON_LITERAL_NULL_CONVERSION = YES;
				CLANG_WARN_OBJC_IMPLICIT_RETAIN_SELF = YES;
				CLANG_WARN_OBJC_LITERAL_CONVERSION = YES;
				CLANG_WARN_OBJC_ROOT_CLASS = YES_ERROR;
				CLANG_WARN_RANGE_LOOP_ANALYSIS = YES;
				CLANG_WARN_STRICT_PROTOTYPES = YES;
				CLANG_WARN_SUSPICIOUS_MOVE = YES;
				CLANG_WARN_UNGUARDED_AVAILABILITY = YES_AGGRESSIVE;
				CLANG_WARN_UNREACHABLE_CODE = YES;
				CLANG_WARN__DUPLICATE_METHOD_MATCH = YES;
				COPY_PHASE_STRIP = NO;
				DEBUG_INFORMATION_FORMAT = dwarf;
				ENABLE_STRICT_OBJC_MSGSEND = YES;
				ENABLE_TESTABILITY = YES;
				GCC_C_LANGUAGE_STANDARD = gnu11;
				GCC_DYNAMIC_NO_PIC = NO;
				GCC_NO_COMMON_BLOCKS = YES;
				GCC_OPTIMIZATION_LEVEL = 0;
				GCC_PREPROCESSOR_DEFINITIONS = (
					"DEBUG=1",
					"$(inherited)",
				);
				GCC_WARN_64_TO_32_BIT_CONVERSION = YES;
				GCC_WARN_ABOUT_RETURN_TYPE = YES_ERROR;
				GCC_WARN_UNDECLARED_SELECTOR = YES;
				GCC_WARN_UNINITIALIZED_AUTOS = YES_AGGRESSIVE;
				GCC_WARN_UNUSED_FUNCTION = YES;
				GCC_WARN_UNUSED_VARIABLE = YES;
				IPHONEOS_DEPLOYMENT_TARGET = 13.4;
				MTL_ENABLE_DEBUG_INFO = INCLUDE_SOURCE;
				MTL_FAST_MATH = YES;
				ONLY_ACTIVE_ARCH = YES;
				SDKROOT = iphoneos;
				SWIFT_ACTIVE_COMPILATION_CONDITIONS = DEBUG;
				SWIFT_OPTIMIZATION_LEVEL = "-Onone";
			};
			name = Debug;
		};
		4DDA64D42511459F00EE2BE7 /* Release */ = {
			isa = XCBuildConfiguration;
			buildSettings = {
				ALWAYS_SEARCH_USER_PATHS = NO;
				CLANG_ANALYZER_NONNULL = YES;
				CLANG_ANALYZER_NUMBER_OBJECT_CONVERSION = YES_AGGRESSIVE;
				CLANG_CXX_LANGUAGE_STANDARD = "gnu++14";
				CLANG_CXX_LIBRARY = "libc++";
				CLANG_ENABLE_MODULES = YES;
				CLANG_ENABLE_OBJC_ARC = YES;
				CLANG_ENABLE_OBJC_WEAK = YES;
				CLANG_WARN_BLOCK_CAPTURE_AUTORELEASING = YES;
				CLANG_WARN_BOOL_CONVERSION = YES;
				CLANG_WARN_COMMA = YES;
				CLANG_WARN_CONSTANT_CONVERSION = YES;
				CLANG_WARN_DEPRECATED_OBJC_IMPLEMENTATIONS = YES;
				CLANG_WARN_DIRECT_OBJC_ISA_USAGE = YES_ERROR;
				CLANG_WARN_DOCUMENTATION_COMMENTS = YES;
				CLANG_WARN_EMPTY_BODY = YES;
				CLANG_WARN_ENUM_CONVERSION = YES;
				CLANG_WARN_INFINITE_RECURSION = YES;
				CLANG_WARN_INT_CONVERSION = YES;
				CLANG_WARN_NON_LITERAL_NULL_CONVERSION = YES;
				CLANG_WARN_OBJC_IMPLICIT_RETAIN_SELF = YES;
				CLANG_WARN_OBJC_LITERAL_CONVERSION = YES;
				CLANG_WARN_OBJC_ROOT_CLASS = YES_ERROR;
				CLANG_WARN_RANGE_LOOP_ANALYSIS = YES;
				CLANG_WARN_STRICT_PROTOTYPES = YES;
				CLANG_WARN_SUSPICIOUS_MOVE = YES;
				CLANG_WARN_UNGUARDED_AVAILABILITY = YES_AGGRESSIVE;
				CLANG_WARN_UNREACHABLE_CODE = YES;
				CLANG_WARN__DUPLICATE_METHOD_MATCH = YES;
				COPY_PHASE_STRIP = NO;
				DEBUG_INFORMATION_FORMAT = "dwarf-with-dsym";
				ENABLE_NS_ASSERTIONS = NO;
				ENABLE_STRICT_OBJC_MSGSEND = YES;
				GCC_C_LANGUAGE_STANDARD = gnu11;
				GCC_NO_COMMON_BLOCKS = YES;
				GCC_WARN_64_TO_32_BIT_CONVERSION = YES;
				GCC_WARN_ABOUT_RETURN_TYPE = YES_ERROR;
				GCC_WARN_UNDECLARED_SELECTOR = YES;
				GCC_WARN_UNINITIALIZED_AUTOS = YES_AGGRESSIVE;
				GCC_WARN_UNUSED_FUNCTION = YES;
				GCC_WARN_UNUSED_VARIABLE = YES;
				IPHONEOS_DEPLOYMENT_TARGET = 13.4;
				MTL_ENABLE_DEBUG_INFO = NO;
				MTL_FAST_MATH = YES;
				SDKROOT = iphoneos;
				SWIFT_COMPILATION_MODE = wholemodule;
				SWIFT_OPTIMIZATION_LEVEL = "-O";
				VALIDATE_PRODUCT = YES;
			};
			name = Release;
		};
		4DDA64D62511459F00EE2BE7 /* Debug */ = {
			isa = XCBuildConfiguration;
			buildSettings = {
				ASSETCATALOG_COMPILER_APPICON_NAME = AppIcon;
				CODE_SIGN_STYLE = Automatic;
				INFOPLIST_FILE = falagron/Info.plist;
				LD_RUNPATH_SEARCH_PATHS = (
					"$(inherited)",
					"@executable_path/Frameworks",
				);
				PRODUCT_BUNDLE_IDENTIFIER = com.kaya.falagron;
				PRODUCT_NAME = "$(TARGET_NAME)";
				SWIFT_VERSION = 5.0;
				TARGETED_DEVICE_FAMILY = "1,2";
			};
			name = Debug;
		};
		4DDA64D72511459F00EE2BE7 /* Release */ = {
			isa = XCBuildConfiguration;
			buildSettings = {
				ASSETCATALOG_COMPILER_APPICON_NAME = AppIcon;
				CODE_SIGN_STYLE = Automatic;
				INFOPLIST_FILE = falagron/Info.plist;
				LD_RUNPATH_SEARCH_PATHS = (
					"$(inherited)",
					"@executable_path/Frameworks",
				);
				PRODUCT_BUNDLE_IDENTIFIER = com.kaya.falagron;
				PRODUCT_NAME = "$(TARGET_NAME)";
				SWIFT_VERSION = 5.0;
				TARGETED_DEVICE_FAMILY = "1,2";
			};
			name = Release;
		};
		4DDA64D92511459F00EE2BE7 /* Debug */ = {
			isa = XCBuildConfiguration;
			buildSettings = {
				ALWAYS_EMBED_SWIFT_STANDARD_LIBRARIES = YES;
				BUNDLE_LOADER = "$(TEST_HOST)";
				CODE_SIGN_STYLE = Automatic;
				INFOPLIST_FILE = falagronTests/Info.plist;
				IPHONEOS_DEPLOYMENT_TARGET = 13.4;
				LD_RUNPATH_SEARCH_PATHS = (
					"$(inherited)",
					"@executable_path/Frameworks",
					"@loader_path/Frameworks",
				);
				PRODUCT_BUNDLE_IDENTIFIER = com.kaya.falagronTests;
				PRODUCT_NAME = "$(TARGET_NAME)";
				SWIFT_VERSION = 5.0;
				TARGETED_DEVICE_FAMILY = "1,2";
				TEST_HOST = "$(BUILT_PRODUCTS_DIR)/falagron.app/falagron";
			};
			name = Debug;
		};
		4DDA64DA2511459F00EE2BE7 /* Release */ = {
			isa = XCBuildConfiguration;
			buildSettings = {
				ALWAYS_EMBED_SWIFT_STANDARD_LIBRARIES = YES;
				BUNDLE_LOADER = "$(TEST_HOST)";
				CODE_SIGN_STYLE = Automatic;
				INFOPLIST_FILE = falagronTests/Info.plist;
				IPHONEOS_DEPLOYMENT_TARGET = 13.4;
				LD_RUNPATH_SEARCH_PATHS = (
					"$(inherited)",
					"@executable_path/Frameworks",
					"@loader_path/Frameworks",
				);
				PRODUCT_BUNDLE_IDENTIFIER = com.kaya.falagronTests;
				PRODUCT_NAME = "$(TARGET_NAME)";
				SWIFT_VERSION = 5.0;
				TARGETED_DEVICE_FAMILY = "1,2";
				TEST_HOST = "$(BUILT_PRODUCTS_DIR)/falagron.app/falagron";
			};
			name = Release;
		};
		4DDA64DC2511459F00EE2BE7 /* Debug */ = {
			isa = XCBuildConfiguration;
			buildSettings = {
				ALWAYS_EMBED_SWIFT_STANDARD_LIBRARIES = YES;
				CODE_SIGN_STYLE = Automatic;
				INFOPLIST_FILE = falagronUITests/Info.plist;
				LD_RUNPATH_SEARCH_PATHS = (
					"$(inherited)",
					"@executable_path/Frameworks",
					"@loader_path/Frameworks",
				);
				PRODUCT_BUNDLE_IDENTIFIER = com.kaya.falagronUITests;
				PRODUCT_NAME = "$(TARGET_NAME)";
				SWIFT_VERSION = 5.0;
				TARGETED_DEVICE_FAMILY = "1,2";
				TEST_TARGET_NAME = falagron;
			};
			name = Debug;
		};
		4DDA64DD2511459F00EE2BE7 /* Release */ = {
			isa = XCBuildConfiguration;
			buildSettings = {
				ALWAYS_EMBED_SWIFT_STANDARD_LIBRARIES = YES;
				CODE_SIGN_STYLE = Automatic;
				INFOPLIST_FILE = falagronUITests/Info.plist;
				LD_RUNPATH_SEARCH_PATHS = (
					"$(inherited)",
					"@executable_path/Frameworks",
					"@loader_path/Frameworks",
				);
				PRODUCT_BUNDLE_IDENTIFIER = com.kaya.falagronUITests;
				PRODUCT_NAME = "$(TARGET_NAME)";
				SWIFT_VERSION = 5.0;
				TARGETED_DEVICE_FAMILY = "1,2";
				TEST_TARGET_NAME = falagron;
			};
			name = Release;
		};
/* End XCBuildConfiguration section */

/* Begin XCConfigurationList section */
		4DDA64A62511459C00EE2BE7 /* Build configuration list for PBXProject "falagron" */ = {
			isa = XCConfigurationList;
			buildConfigurations = (
				4DDA64D32511459F00EE2BE7 /* Debug */,
				4DDA64D42511459F00EE2BE7 /* Release */,
			);
			defaultConfigurationIsVisible = 0;
			defaultConfigurationName = Release;
		};
		4DDA64D52511459F00EE2BE7 /* Build configuration list for PBXNativeTarget "falagron" */ = {
			isa = XCConfigurationList;
			buildConfigurations = (
				4DDA64D62511459F00EE2BE7 /* Debug */,
				4DDA64D72511459F00EE2BE7 /* Release */,
			);
			defaultConfigurationIsVisible = 0;
			defaultConfigurationName = Release;
		};
		4DDA64D82511459F00EE2BE7 /* Build configuration list for PBXNativeTarget "falagronTests" */ = {
			isa = XCConfigurationList;
			buildConfigurations = (
				4DDA64D92511459F00EE2BE7 /* Debug */,
				4DDA64DA2511459F00EE2BE7 /* Release */,
			);
			defaultConfigurationIsVisible = 0;
			defaultConfigurationName = Release;
		};
		4DDA64DB2511459F00EE2BE7 /* Build configuration list for PBXNativeTarget "falagronUITests" */ = {
			isa = XCConfigurationList;
			buildConfigurations = (
				4DDA64DC2511459F00EE2BE7 /* Debug */,
				4DDA64DD2511459F00EE2BE7 /* Release */,
			);
			defaultConfigurationIsVisible = 0;
			defaultConfigurationName = Release;
		};
/* End XCConfigurationList section */
	};
	rootObject = 4DDA64A32511459C00EE2BE7 /* Project object */;
}
